hash: 1c91c7c063f17fd8f812911e15a93fcfe8bb030958b2a59ca60d2f03428026b6
updated: 2017-03-01T13:52:17.684430855-08:00
imports:
- name: github.com/asaskevich/govalidator
  version: 7b3beb6df3c42abd3509abfc3bcacc0fbfb7c877
- name: github.com/aws/aws-sdk-go
  version: 78568b07950e5e7948496878fe99b9436add41d4
  subpackages:
  - aws
  - aws/awserr
  - aws/awsutil
  - aws/client
  - aws/client/metadata
  - aws/corehandlers
  - aws/credentials
  - aws/credentials/ec2rolecreds
  - aws/credentials/endpointcreds
  - aws/credentials/stscreds
  - aws/defaults
  - aws/ec2metadata
  - aws/endpoints
  - aws/request
  - aws/session
  - aws/signer/v4
  - private/protocol
  - private/protocol/query
  - private/protocol/query/queryutil
  - private/protocol/rest
  - private/protocol/xml/xmlutil
  - service/sns
  - service/sns/snsiface
  - service/sts
- name: github.com/dgrijalva/jwt-go
  version: d2709f9f1f31ebcda9651b03077758c1f3a0018c
  subpackages:
  - request
- name: github.com/go-ini/ini
  version: c437d20015c2ab6454b7a66a13109ff0fb99e17a
- name: github.com/golang/protobuf
  version: 69b215d01a5606c843240eab4937eab3acee6530
  subpackages:
  - proto
- name: github.com/jmespath/go-jmespath
  version: bd40a432e4c76585ef6b72d3fd96fb9b6dc7b68d
- name: github.com/lib/pq
  version: ba5d4f7a35561e22fbdf7a39aa0070f4d460cfc0
  subpackages:
  - oid
- name: github.com/mattes/migrate
  version: eb02bc77fbff74a86a688f227e4254b3c397710c
- name: github.com/paulmach/go.geojson
  version: 16c6a8e9da10025ce1b0c4515298e5bb4289a8c4
- name: github.com/stretchr/testify
  version: 69483b4bd14f5845b5a1e55bca19e954e827f1d0
  subpackages:
  - assert
- name: github.com/tj/go-sms
  version: e11c16aec8e1eb287ca65bcbf1658345f0948654
- name: github.com/ttacon/builder
  version: 7f152c3cf4714fd6318739f8f3dbcd14c2a18b39
- name: github.com/ttacon/libphonenumber
  version: 7cae2148c8b6ea3d01e4b2e3f1cc9e7136bb1bcf
- name: go.uber.org/atomic
  version: 3b8db5e93c4c02efbc313e17b2e796b0914a01fb
- name: go.uber.org/zap
  version: a03b90bc236f3def382f17743518889a31f8187c
  subpackages:
  - buffer
  - internal/bufferpool
  - internal/exit
  - internal/multierror
  - zapcore
- name: goji.io
  version: 0d89ff54b2c18c9c4ba530e32496aef902d3c6cd
  subpackages:
  - internal
  - pat
  - pattern
- name: golang.org/x/crypto
  version: 453249f01cfeb54c3d549ddb75ff152ca243f9d8
  subpackages:
  - bcrypt
  - blowfish
- name: sourcegraph.com/sourcegraph/go-selenium
  version: 8c693ec995357f311ffdf5020f64ca93d19068c7
testImports:
- name: github.com/davecgh/go-spew
  version: 6d212800a42e8ab5c146b8ace3490ee17e5225f9
  subpackages:
  - spew
- name: github.com/pmezard/go-difflib
  version: d8ed2627bdf02c080bf22230dbb337003b7aba2d
  subpackages:
  - difflib
